
Microsoft Visual Studio Solution File, Format Version 12.00
# Visual Studio 14
VisualStudioVersion = 14.0.25420.1
MinimumVisualStudioVersion = 10.0.40219.1
Project("{FAE04EC0-301F-11D3-BF4B-00C04F79EFBC}") = "Week1.FizzBuzz.Tests", "Week1.FizzBuzz.Tests\Week1.FizzBuzz.Tests.csproj", "{4F2CFED6-15EB-47EA-BF14-0E19EF529F5E}"
EndProject
Project("{FAE04EC0-301F-11D3-BF4B-00C04F79EFBC}") = "Week1.FizzBuzz", "Week1.FizzBuzz\Week1.FizzBuzz.csproj", "{85A142DB-0A04-49E0-B950-6C828A4D8F8D}"
EndProject
Project("{2150E333-8FDC-42A3-9474-1A3956D46DE8}") = "Week1", "Week1", "{87FA25AC-1A80-4287-8828-34851DF00482}"
EndProject
Project("{FAE04EC0-301F-11D3-BF4B-00C04F79EFBC}") = "Week1.StringCalculator", "Week1.StringCalculator\Week1.StringCalculator.csproj", "{E2614BAE-FB61-43FC-AE77-EB2A5A2B0990}"
EndProject
Project("{FAE04EC0-301F-11D3-BF4B-00C04F79EFBC}") = "Week1.StringCalculator.Tests", "Week1.StringCalculator.Tests\Week1.StringCalculator.Tests.csproj", "{F48D77BB-354D-4124-B99F-1E1E2F87B46E}"
EndProject
Project("{2150E333-8FDC-42A3-9474-1A3956D46DE8}") = "Docs", "Docs", "{9E25AF26-68C3-46F7-B8B7-EBEA0E5F40CB}"
	ProjectSection(SolutionItems) = preProject
		README.md = README.md
	EndProjectSection
EndProject
Project("{2150E333-8FDC-42A3-9474-1A3956D46DE8}") = "Week2", "Week2", "{92E06068-60FA-4CAB-84E2-B4ECC3106FBD}"
EndProject
Project("{FAE04EC0-301F-11D3-BF4B-00C04F79EFBC}") = "Week2.RomanNumerals", "Week2.RomanNumerals\Week2.RomanNumerals.csproj", "{8EFA6EA2-4423-49E0-B9A5-0F2C60782B8F}"
EndProject
Project("{FAE04EC0-301F-11D3-BF4B-00C04F79EFBC}") = "Week2.RomanNumerals.Tests", "Week2.RomanNumerals.Tests\Week2.RomanNumerals.Tests.csproj", "{0AFD567C-51D1-4F1C-9CE0-9CC75B9F7724}"
EndProject
Project("{2150E333-8FDC-42A3-9474-1A3956D46DE8}") = "Week3", "Week3", "{524D27E5-0A23-4BD0-9082-39640C362252}"
EndProject
Project("{FAE04EC0-301F-11D3-BF4B-00C04F79EFBC}") = "Week3.TicTacToe", "Week3.TicTacToe\Week3.TicTacToe.csproj", "{6A0FDF95-C0D5-4462-A8CC-30289B1989CE}"
EndProject
Project("{FAE04EC0-301F-11D3-BF4B-00C04F79EFBC}") = "Week3.TicTacToe.Tests", "Week3.TicTacToe.Tests\Week3.TicTacToe.Tests.csproj", "{A2C8AD81-FF7F-4DF9-8FE6-1F487057DF47}"
EndProject
Project("{2150E333-8FDC-42A3-9474-1A3956D46DE8}") = "Week4", "Week4", "{754E6244-48E4-40A5-B332-D2C83EDA04F6}"
EndProject
Project("{FAE04EC0-301F-11D3-BF4B-00C04F79EFBC}") = "Week4.InstrumentProcessor", "Week4.InstrumentProcessor\Week4.InstrumentProcessor.csproj", "{AA1B7785-C8A4-4F16-9A23-02A6C6075B89}"
EndProject
Project("{FAE04EC0-301F-11D3-BF4B-00C04F79EFBC}") = "Week4.InstrumentProcessor.Tests", "Week4.InstrumentProcessor.Tests\Week4.InstrumentProcessor.Tests.csproj", "{A693FA62-5E3E-4109-A75C-7980D28BFE76}"
EndProject
Project("{2150E333-8FDC-42A3-9474-1A3956D46DE8}") = "Week5", "Week5", "{D8A5B28C-1C5F-43D8-BA14-23F415C4A58F}"
EndProject
Project("{FAE04EC0-301F-11D3-BF4B-00C04F79EFBC}") = "Week5.GildedRose", "Week5.GildedRose\Week5.GildedRose.csproj", "{176C0214-9136-4079-8DAB-11D7420C3881}"
EndProject
Global
	GlobalSection(SolutionConfigurationPlatforms) = preSolution
		Debug|Any CPU = Debug|Any CPU
		Release|Any CPU = Release|Any CPU
	EndGlobalSection
	GlobalSection(ProjectConfigurationPlatforms) = postSolution
		{4F2CFED6-15EB-47EA-BF14-0E19EF529F5E}.Debug|Any CPU.ActiveCfg = Debug|Any CPU
		{4F2CFED6-15EB-47EA-BF14-0E19EF529F5E}.Debug|Any CPU.Build.0 = Debug|Any CPU
		{4F2CFED6-15EB-47EA-BF14-0E19EF529F5E}.Release|Any CPU.ActiveCfg = Release|Any CPU
		{4F2CFED6-15EB-47EA-BF14-0E19EF529F5E}.Release|Any CPU.Build.0 = Release|Any CPU
		{85A142DB-0A04-49E0-B950-6C828A4D8F8D}.Debug|Any CPU.ActiveCfg = Debug|Any CPU
		{85A142DB-0A04-49E0-B950-6C828A4D8F8D}.Debug|Any CPU.Build.0 = Debug|Any CPU
		{85A142DB-0A04-49E0-B950-6C828A4D8F8D}.Release|Any CPU.ActiveCfg = Release|Any CPU
		{85A142DB-0A04-49E0-B950-6C828A4D8F8D}.Release|Any CPU.Build.0 = Release|Any CPU
		{E2614BAE-FB61-43FC-AE77-EB2A5A2B0990}.Debug|Any CPU.ActiveCfg = Debug|Any CPU
		{E2614BAE-FB61-43FC-AE77-EB2A5A2B0990}.Debug|Any CPU.Build.0 = Debug|Any CPU
		{E2614BAE-FB61-43FC-AE77-EB2A5A2B0990}.Release|Any CPU.ActiveCfg = Release|Any CPU
		{E2614BAE-FB61-43FC-AE77-EB2A5A2B0990}.Release|Any CPU.Build.0 = Release|Any CPU
		{F48D77BB-354D-4124-B99F-1E1E2F87B46E}.Debug|Any CPU.ActiveCfg = Debug|Any CPU
		{F48D77BB-354D-4124-B99F-1E1E2F87B46E}.Debug|Any CPU.Build.0 = Debug|Any CPU
		{F48D77BB-354D-4124-B99F-1E1E2F87B46E}.Release|Any CPU.ActiveCfg = Release|Any CPU
		{F48D77BB-354D-4124-B99F-1E1E2F87B46E}.Release|Any CPU.Build.0 = Release|Any CPU
		{8EFA6EA2-4423-49E0-B9A5-0F2C60782B8F}.Debug|Any CPU.ActiveCfg = Debug|Any CPU
		{8EFA6EA2-4423-49E0-B9A5-0F2C60782B8F}.Debug|Any CPU.Build.0 = Debug|Any CPU
		{8EFA6EA2-4423-49E0-B9A5-0F2C60782B8F}.Release|Any CPU.ActiveCfg = Release|Any CPU
		{8EFA6EA2-4423-49E0-B9A5-0F2C60782B8F}.Release|Any CPU.Build.0 = Release|Any CPU
		{0AFD567C-51D1-4F1C-9CE0-9CC75B9F7724}.Debug|Any CPU.ActiveCfg = Debug|Any CPU
		{0AFD567C-51D1-4F1C-9CE0-9CC75B9F7724}.Debug|Any CPU.Build.0 = Debug|Any CPU
		{0AFD567C-51D1-4F1C-9CE0-9CC75B9F7724}.Release|Any CPU.ActiveCfg = Release|Any CPU
		{0AFD567C-51D1-4F1C-9CE0-9CC75B9F7724}.Release|Any CPU.Build.0 = Release|Any CPU
		{6A0FDF95-C0D5-4462-A8CC-30289B1989CE}.Debug|Any CPU.ActiveCfg = Debug|Any CPU
		{6A0FDF95-C0D5-4462-A8CC-30289B1989CE}.Debug|Any CPU.Build.0 = Debug|Any CPU
		{6A0FDF95-C0D5-4462-A8CC-30289B1989CE}.Release|Any CPU.ActiveCfg = Release|Any CPU
		{6A0FDF95-C0D5-4462-A8CC-30289B1989CE}.Release|Any CPU.Build.0 = Release|Any CPU
		{A2C8AD81-FF7F-4DF9-8FE6-1F487057DF47}.Debug|Any CPU.ActiveCfg = Debug|Any CPU
		{A2C8AD81-FF7F-4DF9-8FE6-1F487057DF47}.Debug|Any CPU.Build.0 = Debug|Any CPU
		{A2C8AD81-FF7F-4DF9-8FE6-1F487057DF47}.Release|Any CPU.ActiveCfg = Release|Any CPU
		{A2C8AD81-FF7F-4DF9-8FE6-1F487057DF47}.Release|Any CPU.Build.0 = Release|Any CPU
		{AA1B7785-C8A4-4F16-9A23-02A6C6075B89}.Debug|Any CPU.ActiveCfg = Debug|Any CPU
		{AA1B7785-C8A4-4F16-9A23-02A6C6075B89}.Debug|Any CPU.Build.0 = Debug|Any CPU
		{AA1B7785-C8A4-4F16-9A23-02A6C6075B89}.Release|Any CPU.ActiveCfg = Release|Any CPU
		{AA1B7785-C8A4-4F16-9A23-02A6C6075B89}.Release|Any CPU.Build.0 = Release|Any CPU
		{A693FA62-5E3E-4109-A75C-7980D28BFE76}.Debug|Any CPU.ActiveCfg = Debug|Any CPU
		{A693FA62-5E3E-4109-A75C-7980D28BFE76}.Debug|Any CPU.Build.0 = Debug|Any CPU
		{A693FA62-5E3E-4109-A75C-7980D28BFE76}.Release|Any CPU.ActiveCfg = Release|Any CPU
		{A693FA62-5E3E-4109-A75C-7980D28BFE76}.Release|Any CPU.Build.0 = Release|Any CPU
		{176C0214-9136-4079-8DAB-11D7420C3881}.Debug|Any CPU.ActiveCfg = Debug|Any CPU
		{176C0214-9136-4079-8DAB-11D7420C3881}.Debug|Any CPU.Build.0 = Debug|Any CPU
		{176C0214-9136-4079-8DAB-11D7420C3881}.Release|Any CPU.ActiveCfg = Release|Any CPU
		{176C0214-9136-4079-8DAB-11D7420C3881}.Release|Any CPU.Build.0 = Release|Any CPU
	EndGlobalSection
	GlobalSection(SolutionProperties) = preSolution
		HideSolutionNode = FALSE
	EndGlobalSection
	GlobalSection(NestedProjects) = preSolution
		{4F2CFED6-15EB-47EA-BF14-0E19EF529F5E} = {87FA25AC-1A80-4287-8828-34851DF00482}
		{85A142DB-0A04-49E0-B950-6C828A4D8F8D} = {87FA25AC-1A80-4287-8828-34851DF00482}
		{E2614BAE-FB61-43FC-AE77-EB2A5A2B0990} = {87FA25AC-1A80-4287-8828-34851DF00482}
		{F48D77BB-354D-4124-B99F-1E1E2F87B46E} = {87FA25AC-1A80-4287-8828-34851DF00482}
		{8EFA6EA2-4423-49E0-B9A5-0F2C60782B8F} = {92E06068-60FA-4CAB-84E2-B4ECC3106FBD}
		{0AFD567C-51D1-4F1C-9CE0-9CC75B9F7724} = {92E06068-60FA-4CAB-84E2-B4ECC3106FBD}
		{6A0FDF95-C0D5-4462-A8CC-30289B1989CE} = {524D27E5-0A23-4BD0-9082-39640C362252}
		{A2C8AD81-FF7F-4DF9-8FE6-1F487057DF47} = {524D27E5-0A23-4BD0-9082-39640C362252}
		{AA1B7785-C8A4-4F16-9A23-02A6C6075B89} = {754E6244-48E4-40A5-B332-D2C83EDA04F6}
		{A693FA62-5E3E-4109-A75C-7980D28BFE76} = {754E6244-48E4-40A5-B332-D2C83EDA04F6}
		{176C0214-9136-4079-8DAB-11D7420C3881} = {D8A5B28C-1C5F-43D8-BA14-23F415C4A58F}
	EndGlobalSection
	GlobalSection(ExtensibilityGlobals) = postSolution
		SolutionGuid = {20F6A488-E97D-4CB6-938A-5D4CE66AA7EF}
	EndGlobalSection
EndGlobal
